// !$*UTF8*$!
{
	archiveVersion = 1;
	classes = {
	};
	objectVersion = 48;
	objects = {

/* Begin PBXBuildFile section */
		DD99D0E3208869300067ED15 /* AppDelegate.m in Sources */ = {isa = PBXBuildFile; fileRef = DD99D0E2208869300067ED15 /* AppDelegate.m */; };
		DD99D0E6208869300067ED15 /* ViewController.m in Sources */ = {isa = PBXBuildFile; fileRef = DD99D0E5208869300067ED15 /* ViewController.m */; };
		DD99D0E9208869300067ED15 /* Main.storyboard in Resources */ = {isa = PBXBuildFile; fileRef = DD99D0E7208869300067ED15 /* Main.storyboard */; };
		DD99D0EB208869300067ED15 /* Assets.xcassets in Resources */ = {isa = PBXBuildFile; fileRef = DD99D0EA208869300067ED15 /* Assets.xcassets */; };
		DD99D0EE208869310067ED15 /* LaunchScreen.storyboard in Resources */ = {isa = PBXBuildFile; fileRef = DD99D0EC208869310067ED15 /* LaunchScreen.storyboard */; };
		DD99D0F1208869310067ED15 /* main.m in Sources */ = {isa = PBXBuildFile; fileRef = DD99D0F0208869310067ED15 /* main.m */; };
		DD99D0FB208869320067ED15 /* _______Tests.m in Sources */ = {isa = PBXBuildFile; fileRef = DD99D0FA208869320067ED15 /* _______Tests.m */; };
		DD99D106208869320067ED15 /* _______UITests.m in Sources */ = {isa = PBXBuildFile; fileRef = DD99D105208869320067ED15 /* _______UITests.m */; };
		DD99D1152088695A0067ED15 /* XMGTool.m in Sources */ = {isa = PBXBuildFile; fileRef = DD99D1142088695A0067ED15 /* XMGTool.m */; };
/* End PBXBuildFile section */

/* Begin PBXContainerItemProxy section */
		DD99D0F7208869320067ED15 /* PBXContainerItemProxy */ = {
			isa = PBXContainerItemProxy;
			containerPortal = DD99D0D6208869300067ED15 /* Project object */;
			proxyType = 1;
			remoteGlobalIDString = DD99D0DD208869300067ED15;
			remoteInfo = "单例模式的实现";
		};
		DD99D102208869320067ED15 /* PBXContainerItemProxy */ = {
			isa = PBXContainerItemProxy;
			containerPortal = DD99D0D6208869300067ED15 /* Project object */;
			proxyType = 1;
			remoteGlobalIDString = DD99D0DD208869300067ED15;
			remoteInfo = "单例模式的实现";
		};
/* End PBXContainerItemProxy section */

/* Begin PBXFileReference section */
		DD99D0DE208869300067ED15 /* 单例模式的实现.app */ = {isa = PBXFileReference; explicitFileType = wrapper.application; includeInIndex = 0; path = "单例模式的实现.app"; sourceTree = BUILT_PRODUCTS_DIR; };
		DD99D0E1208869300067ED15 /* AppDelegate.h */ = {isa = PBXFileReference; lastKnownFileType = sourcecode.c.h; path = AppDelegate.h; sourceTree = "<group>"; };
		DD99D0E2208869300067ED15 /* AppDelegate.m */ = {isa = PBXFileReference; lastKnownFileType = sourcecode.c.objc; path = AppDelegate.m; sourceTree = "<group>"; };
		DD99D0E4208869300067ED15 /* ViewController.h */ = {isa = PBXFileReference; lastKnownFileType = sourcecode.c.h; path = ViewController.h; sourceTree = "<group>"; };
		DD99D0E5208869300067ED15 /* ViewController.m */ = {isa = PBXFileReference; lastKnownFileType = sourcecode.c.objc; path = ViewController.m; sourceTree = "<group>"; };
		DD99D0E8208869300067ED15 /* Base */ = {isa = PBXFileReference; lastKnownFileType = file.storyboard; name = Base; path = Base.lproj/Main.storyboard; sourceTree = "<group>"; };
		DD99D0EA208869300067ED15 /* Assets.xcassets */ = {isa = PBXFileReference; lastKnownFileType = folder.assetcatalog; path = Assets.xcassets; sourceTree = "<group>"; };
		DD99D0ED208869310067ED15 /* Base */ = {isa = PBXFileReference; lastKnownFileType = file.storyboard; name = Base; path = Base.lproj/LaunchScreen.storyboard; sourceTree = "<group>"; };
		DD99D0EF208869310067ED15 /* Info.plist */ = {isa = PBXFileReference; lastKnownFileType = text.plist.xml; path = Info.plist; sourceTree = "<group>"; };
		DD99D0F0208869310067ED15 /* main.m */ = {isa = PBXFileReference; lastKnownFileType = sourcecode.c.objc; path = main.m; sourceTree = "<group>"; };
		DD99D0F6208869320067ED15 /* 单例模式的实现Tests.xctest */ = {isa = PBXFileReference; explicitFileType = wrapper.cfbundle; includeInIndex = 0; path = "单例模式的实现Tests.xctest"; sourceTree = BUILT_PRODUCTS_DIR; };
		DD99D0FA208869320067ED15 /* _______Tests.m */ = {isa = PBXFileReference; lastKnownFileType = sourcecode.c.objc; path = "_______Tests.m"; sourceTree = "<group>"; };
		DD99D0FC208869320067ED15 /* Info.plist */ = {isa = PBXFileReference; lastKnownFileType = text.plist.xml; path = Info.plist; sourceTree = "<group>"; };
		DD99D101208869320067ED15 /* 单例模式的实现UITests.xctest */ = {isa = PBXFileReference; explicitFileType = wrapper.cfbundle; includeInIndex = 0; path = "单例模式的实现UITests.xctest"; sourceTree = BUILT_PRODUCTS_DIR; };
		DD99D105208869320067ED15 /* _______UITests.m */ = {isa = PBXFileReference; lastKnownFileType = sourcecode.c.objc; path = "_______UITests.m"; sourceTree = "<group>"; };
		DD99D107208869320067ED15 /* Info.plist */ = {isa = PBXFileReference; lastKnownFileType = text.plist.xml; path = Info.plist; sourceTree = "<group>"; };
		DD99D1132088695A0067ED15 /* XMGTool.h */ = {isa = PBXFileReference; lastKnownFileType = sourcecode.c.h; path = XMGTool.h; sourceTree = "<group>"; };
		DD99D1142088695A0067ED15 /* XMGTool.m */ = {isa = PBXFileReference; lastKnownFileType = sourcecode.c.objc; path = XMGTool.m; sourceTree = "<group>"; };
/* End PBXFileReference section */

/* Begin PBXFrameworksBuildPhase section */
		DD99D0DB208869300067ED15 /* Frameworks */ = {
			isa = PBXFrameworksBuildPhase;
			buildActionMask = 2147483647;
			files = (
			);
			runOnlyForDeploymentPostprocessing = 0;
		};
		DD99D0F3208869320067ED15 /* Frameworks */ = {
			isa = PBXFrameworksBuildPhase;
			buildActionMask = 2147483647;
			files = (
			);
			runOnlyForDeploymentPostprocessing = 0;
		};
		DD99D0FE208869320067ED15 /* Frameworks */ = {
			isa = PBXFrameworksBuildPhase;
			buildActionMask = 2147483647;
			files = (
			);
			runOnlyForDeploymentPostprocessing = 0;
		};
/* End PBXFrameworksBuildPhase section */

/* Begin PBXGroup section */
		DD99D0D5208869300067ED15 = {
			isa = PBXGroup;
			children = (
				DD99D0E0208869300067ED15 /* 单例模式的实现 */,
				DD99D0F9208869320067ED15 /* 单例模式的实现Tests */,
				DD99D104208869320067ED15 /* 单例模式的实现UITests */,
				DD99D0DF208869300067ED15 /* Products */,
			);
			sourceTree = "<group>";
		};
		DD99D0DF208869300067ED15 /* Products */ = {
			isa = PBXGroup;
			children = (
				DD99D0DE208869300067ED15 /* 单例模式的实现.app */,
				DD99D0F6208869320067ED15 /* 单例模式的实现Tests.xctest */,
				DD99D101208869320067ED15 /* 单例模式的实现UITests.xctest */,
			);
			name = Products;
			sourceTree = "<group>";
		};
		DD99D0E0208869300067ED15 /* 单例模式的实现 */ = {
			isa = PBXGroup;
			children = (
				DD99D0E1208869300067ED15 /* AppDelegate.h */,
				DD99D0E2208869300067ED15 /* AppDelegate.m */,
				DD99D0E4208869300067ED15 /* ViewController.h */,
				DD99D0E5208869300067ED15 /* ViewController.m */,
				DD99D0E7208869300067ED15 /* Main.storyboard */,
				DD99D0EA208869300067ED15 /* Assets.xcassets */,
				DD99D0EC208869310067ED15 /* LaunchScreen.storyboard */,
				DD99D0EF208869310067ED15 /* Info.plist */,
				DD99D0F0208869310067ED15 /* main.m */,
				DD99D1132088695A0067ED15 /* XMGTool.h */,
				DD99D1142088695A0067ED15 /* XMGTool.m */,
			);
			path = "单例模式的实现";
			sourceTree = "<group>";
		};
		DD99D0F9208869320067ED15 /* 单例模式的实现Tests */ = {
			isa = PBXGroup;
			children = (
				DD99D0FA208869320067ED15 /* _______Tests.m */,
				DD99D0FC208869320067ED15 /* Info.plist */,
			);
			path = "单例模式的实现Tests";
			sourceTree = "<group>";
		};
		DD99D104208869320067ED15 /* 单例模式的实现UITests */ = {
			isa = PBXGroup;
			children = (
				DD99D105208869320067ED15 /* _______UITests.m */,
				DD99D107208869320067ED15 /* Info.plist */,
			);
			path = "单例模式的实现UITests";
			sourceTree = "<group>";
		};
/* End PBXGroup section */

/* Begin PBXNativeTarget section */
		DD99D0DD208869300067ED15 /* 单例模式的实现 */ = {
			isa = PBXNativeTarget;
			buildConfigurationList = DD99D10A208869320067ED15 /* Build configuration list for PBXNativeTarget "单例模式的实现" */;
			buildPhases = (
				DD99D0DA208869300067ED15 /* Sources */,
				DD99D0DB208869300067ED15 /* Frameworks */,
				DD99D0DC208869300067ED15 /* Resources */,
			);
			buildRules = (
			);
			dependencies = (
			);
			name = "单例模式的实现";
			productName = "单例模式的实现";
			productReference = DD99D0DE208869300067ED15 /* 单例模式的实现.app */;
			productType = "com.apple.product-type.application";
		};
		DD99D0F5208869320067ED15 /* 单例模式的实现Tests */ = {
			isa = PBXNativeTarget;
			buildConfigurationList = DD99D10D208869320067ED15 /* Build configuration list for PBXNativeTarget "单例模式的实现Tests" */;
			buildPhases = (
				DD99D0F2208869320067ED15 /* Sources */,
				DD99D0F3208869320067ED15 /* Frameworks */,
				DD99D0F4208869320067ED15 /* Resources */,
			);
			buildRules = (
			);
			dependencies = (
				DD99D0F8208869320067ED15 /* PBXTargetDependency */,
			);
			name = "单例模式的实现Tests";
			productName = "单例模式的实现Tests";
			productReference = DD99D0F6208869320067ED15 /* 单例模式的实现Tests.xctest */;
			productType = "com.apple.product-type.bundle.unit-test";
		};
		DD99D100208869320067ED15 /* 单例模式的实现UITests */ = {
			isa = PBXNativeTarget;
			buildConfigurationList = DD99D110208869320067ED15 /* Build configuration list for PBXNativeTarget "单例模式的实现UITests" */;
			buildPhases = (
				DD99D0FD208869320067ED15 /* Sources */,
				DD99D0FE208869320067ED15 /* Frameworks */,
				DD99D0FF208869320067ED15 /* Resources */,
			);
			buildRules = (
			);
			dependencies = (
				DD99D103208869320067ED15 /* PBXTargetDependency */,
			);
			name = "单例模式的实现UITests";
			productName = "单例模式的实现UITests";
			productReference = DD99D101208869320067ED15 /* 单例模式的实现UITests.xctest */;
			productType = "com.apple.product-type.bundle.ui-testing";
		};
/* End PBXNativeTarget section */

/* Begin PBXProject section */
		DD99D0D6208869300067ED15 /* Project object */ = {
			isa = PBXProject;
			attributes = {
				LastUpgradeCheck = 0900;
				ORGANIZATIONNAME = com.zhonglu;
				TargetAttributes = {
					DD99D0DD208869300067ED15 = {
						CreatedOnToolsVersion = 9.0;
						ProvisioningStyle = Automatic;
					};
					DD99D0F5208869320067ED15 = {
						CreatedOnToolsVersion = 9.0;
						ProvisioningStyle = Automatic;
						TestTargetID = DD99D0DD208869300067ED15;
					};
					DD99D100208869320067ED15 = {
						CreatedOnToolsVersion = 9.0;
						ProvisioningStyle = Automatic;
						TestTargetID = DD99D0DD208869300067ED15;
					};
				};
			};
			buildConfigurationList = DD99D0D9208869300067ED15 /* Build configuration list for PBXProject "单例模式的实现" */;
			compatibilityVersion = "Xcode 8.0";
			developmentRegion = en;
			hasScannedForEncodings = 0;
			knownRegions = (
				en,
				Base,
			);
			mainGroup = DD99D0D5208869300067ED15;
			productRefGroup = DD99D0DF208869300067ED15 /* Products */;
			projectDirPath = "";
			projectRoot = "";
			targets = (
				DD99D0DD208869300067ED15 /* 单例模式的实现 */,
				DD99D0F5208869320067ED15 /* 单例模式的实现Tests */,
				DD99D100208869320067ED15 /* 单例模式的实现UITests */,
			);
		};
/* End PBXProject section */

/* Begin PBXResourcesBuildPhase section */
		DD99D0DC208869300067ED15 /* Resources */ = {
			isa = PBXResourcesBuildPhase;
			buildActionMask = 2147483647;
			files = (
				DD99D0EE208869310067ED15 /* LaunchScreen.storyboard in Resources */,
				DD99D0EB208869300067ED15 /* Assets.xcassets in Resources */,
				DD99D0E9208869300067ED15 /* Main.storyboard in Resources */,
			);
			runOnlyForDeploymentPostprocessing = 0;
		};
		DD99D0F4208869320067ED15 /* Resources */ = {
			isa = PBXResourcesBuildPhase;
			buildActionMask = 2147483647;
			files = (
			);
			runOnlyForDeploymentPostprocessing = 0;
		};
		DD99D0FF208869320067ED15 /* Resources */ = {
			isa = PBXResourcesBuildPhase;
			buildActionMask = 2147483647;
			files = (
			);
			runOnlyForDeploymentPostprocessing = 0;
		};
/* End PBXResourcesBuildPhase section */

/* Begin PBXSourcesBuildPhase section */
		DD99D0DA208869300067ED15 /* Sources */ = {
			isa = PBXSourcesBuildPhase;
			buildActionMask = 2147483647;
			files = (
				DD99D0E6208869300067ED15 /* ViewController.m in Sources */,
				DD99D0F1208869310067ED15 /* main.m in Sources */,
				DD99D1152088695A0067ED15 /* XMGTool.m in Sources */,
				DD99D0E3208869300067ED15 /* AppDelegate.m in Sources */,
			);
			runOnlyForDeploymentPostprocessing = 0;
		};
		DD99D0F2208869320067ED15 /* Sources */ = {
			isa = PBXSourcesBuildPhase;
			buildActionMask = 2147483647;
			files = (
				DD99D0FB208869320067ED15 /* _______Tests.m in Sources */,
			);
			runOnlyForDeploymentPostprocessing = 0;
		};
		DD99D0FD208869320067ED15 /* Sources */ = {
			isa = PBXSourcesBuildPhase;
			buildActionMask = 2147483647;
			files = (
				DD99D106208869320067ED15 /* _______UITests.m in Sources */,
			);
			runOnlyForDeploymentPostprocessing = 0;
		};
/* End PBXSourcesBuildPhase section */

/* Begin PBXTargetDependency section */
		DD99D0F8208869320067ED15 /* PBXTargetDependency */ = {
			isa = PBXTargetDependency;
			target = DD99D0DD208869300067ED15 /* 单例模式的实现 */;
			targetProxy = DD99D0F7208869320067ED15 /* PBXContainerItemProxy */;
		};
		DD99D103208869320067ED15 /* PBXTargetDependency */ = {
			isa = PBXTargetDependency;
			target = DD99D0DD208869300067ED15 /* 单例模式的实现 */;
			targetProxy = DD99D102208869320067ED15 /* PBXContainerItemProxy */;
		};
/* End PBXTargetDependency section */

/* Begin PBXVariantGroup section */
		DD99D0E7208869300067ED15 /* Main.storyboard */ = {
			isa = PBXVariantGroup;
			children = (
				DD99D0E8208869300067ED15 /* Base */,
			);
			name = Main.storyboard;
			sourceTree = "<group>";
		};
		DD99D0EC208869310067ED15 /* LaunchScreen.storyboard */ = {
			isa = PBXVariantGroup;
			children = (
				DD99D0ED208869310067ED15 /* Base */,
			);
			name = LaunchScreen.storyboard;
			sourceTree = "<group>";
		};
/* End PBXVariantGroup section */

/* Begin XCBuildConfiguration section */
		DD99D108208869320067ED15 /* Debug */ = {
			isa = XCBuildConfiguration;
			buildSettings = {
				ALWAYS_SEARCH_USER_PATHS = NO;
				CLANG_ANALYZER_NONNULL = YES;
				CLANG_ANALYZER_NUMBER_OBJECT_CONVERSION = YES_AGGRESSIVE;
				CLANG_CXX_LANGUAGE_STANDARD = "gnu++14";
				CLANG_CXX_LIBRARY = "libc++";
				CLANG_ENABLE_MODULES = YES;
				CLANG_ENABLE_OBJC_ARC = YES;
				CLANG_WARN_BLOCK_CAPTURE_AUTORELEASING = YES;
				CLANG_WARN_BOOL_CONVERSION = YES;
				CLANG_WARN_COMMA = YES;
				CLANG_WARN_CONSTANT_CONVERSION = YES;
				CLANG_WARN_DIRECT_OBJC_ISA_USAGE = YES_ERROR;
				CLANG_WARN_DOCUMENTATION_COMMENTS = YES;
				CLANG_WARN_EMPTY_BODY = YES;
				CLANG_WARN_ENUM_CONVERSION = YES;
				CLANG_WARN_INFINITE_RECURSION = YES;
				CLANG_WARN_INT_CONVERSION = YES;
				CLANG_WARN_NON_LITERAL_NULL_CONVERSION = YES;
				CLANG_WARN_OBJC_LITERAL_CONVERSION = YES;
				CLANG_WARN_OBJC_ROOT_CLASS = YES_ERROR;
				CLANG_WARN_RANGE_LOOP_ANALYSIS = YES;
				CLANG_WARN_STRICT_PROTOTYPES = YES;
				CLANG_WARN_SUSPICIOUS_MOVE = YES;
				CLANG_WARN_UNGUARDED_AVAILABILITY = YES_AGGRESSIVE;
				CLANG_WARN_UNREACHABLE_CODE = YES;
				CLANG_WARN__DUPLICATE_METHOD_MATCH = YES;
				CODE_SIGN_IDENTITY = "iPhone Developer";
				COPY_PHASE_STRIP = NO;
				DEBUG_INFORMATION_FORMAT = dwarf;
				ENABLE_STRICT_OBJC_MSGSEND = YES;
				ENABLE_TESTABILITY = YES;
				GCC_C_LANGUAGE_STANDARD = gnu11;
				GCC_DYNAMIC_NO_PIC = NO;
				GCC_NO_COMMON_BLOCKS = YES;
				GCC_OPTIMIZATION_LEVEL = 0;
				GCC_PREPROCESSOR_DEFINITIONS = (
					"DEBUG=1",
					"$(inherited)",
				);
				GCC_WARN_64_TO_32_BIT_CONVERSION = YES;
				GCC_WARN_ABOUT_RETURN_TYPE = YES_ERROR;
				GCC_WARN_UNDECLARED_SELECTOR = YES;
				GCC_WARN_UNINITIALIZED_AUTOS = YES_AGGRESSIVE;
				GCC_WARN_UNUSED_FUNCTION = YES;
				GCC_WARN_UNUSED_VARIABLE = YES;
				IPHONEOS_DEPLOYMENT_TARGET = 11.0;
				MTL_ENABLE_DEBUG_INFO = YES;
				ONLY_ACTIVE_ARCH = YES;
				SDKROOT = iphoneos;
			};
			name = Debug;
		};
		DD99D109208869320067ED15 /* Release */ = {
			isa = XCBuildConfiguration;
			buildSettings = {
				ALWAYS_SEARCH_USER_PATHS = NO;
				CLANG_ANALYZER_NONNULL = YES;
				CLANG_ANALYZER_NUMBER_OBJECT_CONVERSION = YES_AGGRESSIVE;
				CLANG_CXX_LANGUAGE_STANDARD = "gnu++14";
				CLANG_CXX_LIBRARY = "libc++";
				CLANG_ENABLE_MODULES = YES;
				CLANG_ENABLE_OBJC_ARC = YES;
				CLANG_WARN_BLOCK_CAPTURE_AUTORELEASING = YES;
				CLANG_WARN_BOOL_CONVERSION = YES;
				CLANG_WARN_COMMA = YES;
				CLANG_WARN_CONSTANT_CONVERSION = YES;
				CLANG_WARN_DIRECT_OBJC_ISA_USAGE = YES_ERROR;
				CLANG_WARN_DOCUMENTATION_COMMENTS = YES;
				CLANG_WARN_EMPTY_BODY = YES;
				CLANG_WARN_ENUM_CONVERSION = YES;
				CLANG_WARN_INFINITE_RECURSION = YES;
				CLANG_WARN_INT_CONVERSION = YES;
				CLANG_WARN_NON_LITERAL_NULL_CONVERSION = YES;
				CLANG_WARN_OBJC_LITERAL_CONVERSION = YES;
				CLANG_WARN_OBJC_ROOT_CLASS = YES_ERROR;
				CLANG_WARN_RANGE_LOOP_ANALYSIS = YES;
				CLANG_WARN_STRICT_PROTOTYPES = YES;
				CLANG_WARN_SUSPICIOUS_MOVE = YES;
				CLANG_WARN_UNGUARDED_AVAILABILITY = YES_AGGRESSIVE;
				CLANG_WARN_UNREACHABLE_CODE = YES;
				CLANG_WARN__DUPLICATE_METHOD_MATCH = YES;
				CODE_SIGN_IDENTITY = "iPhone Developer";
				COPY_PHASE_STRIP = NO;
				DEBUG_INFORMATION_FORMAT = "dwarf-with-dsym";
				ENABLE_NS_ASSERTIONS = NO;
				ENABLE_STRICT_OBJC_MSGSEND = YES;
				GCC_C_LANGUAGE_STANDARD = gnu11;
				GCC_NO_COMMON_BLOCKS = YES;
				GCC_WARN_64_TO_32_BIT_CONVERSION = YES;
				GCC_WARN_ABOUT_RETURN_TYPE = YES_ERROR;
				GCC_WARN_UNDECLARED_SELECTOR = YES;
				GCC_WARN_UNINITIALIZED_AUTOS = YES_AGGRESSIVE;
				GCC_WARN_UNUSED_FUNCTION = YES;
				GCC_WARN_UNUSED_VARIABLE = YES;
				IPHONEOS_DEPLOYMENT_TARGET = 11.0;
				MTL_ENABLE_DEBUG_INFO = NO;
				SDKROOT = iphoneos;
				VALIDATE_PRODUCT = YES;
			};
			name = Release;
		};
		DD99D10B208869320067ED15 /* Debug */ = {
			isa = XCBuildConfiguration;
			buildSettings = {
				ASSETCATALOG_COMPILER_APPICON_NAME = AppIcon;
				CODE_SIGN_STYLE = Automatic;
				INFOPLIST_FILE = "单例模式的实现/Info.plist";
				LD_RUNPATH_SEARCH_PATHS = "$(inherited) @executable_path/Frameworks";
				PRODUCT_BUNDLE_IDENTIFIER = "com.zhongluSchool.-------";
				PRODUCT_NAME = "$(TARGET_NAME)";
				TARGETED_DEVICE_FAMILY = "1,2";
			};
			name = Debug;
		};
		DD99D10C208869320067ED15 /* Release */ = {
			isa = XCBuildConfiguration;
			buildSettings = {
				ASSETCATALOG_COMPILER_APPICON_NAME = AppIcon;
				CODE_SIGN_STYLE = Automatic;
				INFOPLIST_FILE = "单例模式的实现/Info.plist";
				LD_RUNPATH_SEARCH_PATHS = "$(inherited) @executable_path/Frameworks";
				PRODUCT_BUNDLE_IDENTIFIER = "com.zhongluSchool.-------";
				PRODUCT_NAME = "$(TARGET_NAME)";
				TARGETED_DEVICE_FAMILY = "1,2";
			};
			name = Release;
		};
		DD99D10E208869320067ED15 /* Debug */ = {
			isa = XCBuildConfiguration;
			buildSettings = {
				BUNDLE_LOADER = "$(TEST_HOST)";
				CODE_SIGN_STYLE = Automatic;
				INFOPLIST_FILE = "单例模式的实现Tests/Info.plist";
				LD_RUNPATH_SEARCH_PATHS = "$(inherited) @executable_path/Frameworks @loader_path/Frameworks";
				PRODUCT_BUNDLE_IDENTIFIER = "com.zhongluSchool.-------Tests";
				PRODUCT_NAME = "$(TARGET_NAME)";
				TARGETED_DEVICE_FAMILY = "1,2";
				TEST_HOST = "$(BUILT_PRODUCTS_DIR)/单例模式的实现.app/单例模式的实现";
			};
			name = Debug;
		};
		DD99D10F208869320067ED15 /* Release */ = {
			isa = XCBuildConfiguration;
			buildSettings = {
				BUNDLE_LOADER = "$(TEST_HOST)";
				CODE_SIGN_STYLE = Automatic;
				INFOPLIST_FILE = "单例模式的实现Tests/Info.plist";
				LD_RUNPATH_SEARCH_PATHS = "$(inherited) @executable_path/Frameworks @loader_path/Frameworks";
				PRODUCT_BUNDLE_IDENTIFIER = "com.zhongluSchool.-------Tests";
				PRODUCT_NAME = "$(TARGET_NAME)";
				TARGETED_DEVICE_FAMILY = "1,2";
				TEST_HOST = "$(BUILT_PRODUCTS_DIR)/单例模式的实现.app/单例模式的实现";
			};
			name = Release;
		};
		DD99D111208869320067ED15 /* Debug */ = {
			isa = XCBuildConfiguration;
			buildSettings = {
				CODE_SIGN_STYLE = Automatic;
				INFOPLIST_FILE = "单例模式的实现UITests/Info.plist";
				LD_RUNPATH_SEARCH_PATHS = "$(inherited) @executable_path/Frameworks @loader_path/Frameworks";
				PRODUCT_BUNDLE_IDENTIFIER = "com.zhongluSchool.-------UITests";
				PRODUCT_NAME = "$(TARGET_NAME)";
				TARGETED_DEVICE_FAMILY = "1,2";
				TEST_TARGET_NAME = "单例模式的实现";
			};
			name = Debug;
		};
		DD99D112208869320067ED15 /* Release */ = {
			isa = XCBuildConfiguration;
			buildSettings = {
				CODE_SIGN_STYLE = Automatic;
				INFOPLIST_FILE = "单例模式的实现UITests/Info.plist";
				LD_RUNPATH_SEARCH_PATHS = "$(inherited) @executable_path/Frameworks @loader_path/Frameworks";
				PRODUCT_BUNDLE_IDENTIFIER = "com.zhongluSchool.-------UITests";
				PRODUCT_NAME = "$(TARGET_NAME)";
				TARGETED_DEVICE_FAMILY = "1,2";
				TEST_TARGET_NAME = "单例模式的实现";
			};
			name = Release;
		};
/* End XCBuildConfiguration section */

/* Begin XCConfigurationList section */
		DD99D0D9208869300067ED15 /* Build configuration list for PBXProject "单例模式的实现" */ = {
			isa = XCConfigurationList;
			buildConfigurations = (
				DD99D108208869320067ED15 /* Debug */,
				DD99D109208869320067ED15 /* Release */,
			);
			defaultConfigurationIsVisible = 0;
			defaultConfigurationName = Release;
		};
		DD99D10A208869320067ED15 /* Build configuration list for PBXNativeTarget "单例模式的实现" */ = {
			isa = XCConfigurationList;
			buildConfigurations = (
				DD99D10B208869320067ED15 /* Debug */,
				DD99D10C208869320067ED15 /* Release */,
			);
			defaultConfigurationIsVisible = 0;
			defaultConfigurationName = Release;
		};
		DD99D10D208869320067ED15 /* Build configuration list for PBXNativeTarget "单例模式的实现Tests" */ = {
			isa = XCConfigurationList;
			buildConfigurations = (
				DD99D10E208869320067ED15 /* Debug */,
				DD99D10F208869320067ED15 /* Release */,
			);
			defaultConfigurationIsVisible = 0;
			defaultConfigurationName = Release;
		};
		DD99D110208869320067ED15 /* Build configuration list for PBXNativeTarget "单例模式的实现UITests" */ = {
			isa = XCConfigurationList;
			buildConfigurations = (
				DD99D111208869320067ED15 /* Debug */,
				DD99D112208869320067ED15 /* Release */,
			);
			defaultConfigurationIsVisible = 0;
			defaultConfigurationName = Release;
		};
/* End XCConfigurationList section */
	};
	rootObject = DD99D0D6208869300067ED15 /* Project object */;
}
